
Microsoft Visual Studio Solution File, Format Version 12.00
# Visual Studio Version 17
VisualStudioVersion = 17.10.35027.167
MinimumVisualStudioVersion = 10.0.40219.1
Project("{FAE04EC0-301F-11D3-BF4B-00C04F79EFBC}") = "ProductRequestsAPI", "ProductRequestsAPI.csproj", "{2752E031-4F55-46BA-AFD7-B6C1EBAC2A8C}"
EndProject
Global
	GlobalSection(SolutionConfigurationPlatforms) = preSolution
		Debug|Any CPU = Debug|Any CPU
		Release|Any CPU = Release|Any CPU
	EndGlobalSection
	GlobalSection(ProjectConfigurationPlatforms) = postSolution
		{2752E031-4F55-46BA-AFD7-B6C1EBAC2A8C}.Debug|Any CPU.ActiveCfg = Debug|Any CPU
		{2752E031-4F55-46BA-AFD7-B6C1EBAC2A8C}.Debug|Any CPU.Build.0 = Debug|Any CPU
		{2752E031-4F55-46BA-AFD7-B6C1EBAC2A8C}.Release|Any CPU.ActiveCfg = Release|Any CPU
		{2752E031-4F55-46BA-AFD7-B6C1EBAC2A8C}.Release|Any CPU.Build.0 = Release|Any CPU
	EndGlobalSection
	GlobalSection(SolutionProperties) = preSolution
		HideSolutionNode = FALSE
	EndGlobalSection
	GlobalSection(ExtensibilityGlobals) = postSolution
		SolutionGuid = {E947CDB4-9563-49B4-9E41-8A9912242633}
	EndGlobalSection
EndGlobal
